// !$*UTF8*$!
{
	archiveVersion = 1;
	classes = {
	};
	objectVersion = 46;
	objects = {

/* Begin PBXBuildFile section */
		45346A381EACCE9400CE9918 /* Networking.swift in Sources */ = {isa = PBXBuildFile; fileRef = 45346A371EACCE9400CE9918 /* Networking.swift */; };
		45346A3E1EACDBE000CE9918 /* UploadInteractor.swift in Sources */ = {isa = PBXBuildFile; fileRef = 45346A3D1EACDBE000CE9918 /* UploadInteractor.swift */; };
		45AE319D1EAB52FA00EFE62D /* AppDelegate.swift in Sources */ = {isa = PBXBuildFile; fileRef = 45AE319C1EAB52FA00EFE62D /* AppDelegate.swift */; };
		45AE319F1EAB52FA00EFE62D /* MainViewController.swift in Sources */ = {isa = PBXBuildFile; fileRef = 45AE319E1EAB52FA00EFE62D /* MainViewController.swift */; };
		45AE31A21EAB52FA00EFE62D /* Main.storyboard in Resources */ = {isa = PBXBuildFile; fileRef = 45AE31A01EAB52FA00EFE62D /* Main.storyboard */; };
		45AE31A41EAB52FA00EFE62D /* Assets.xcassets in Resources */ = {isa = PBXBuildFile; fileRef = 45AE31A31EAB52FA00EFE62D /* Assets.xcassets */; };
		45AE31A71EAB52FA00EFE62D /* LaunchScreen.storyboard in Resources */ = {isa = PBXBuildFile; fileRef = 45AE31A51EAB52FA00EFE62D /* LaunchScreen.storyboard */; };
		45AE31B21EAB52FA00EFE62D /* VivinylSwiftClientTests.swift in Sources */ = {isa = PBXBuildFile; fileRef = 45AE31B11EAB52FA00EFE62D /* VivinylSwiftClientTests.swift */; };
		45AE31BD1EAB60DB00EFE62D /* UploadViewController.swift in Sources */ = {isa = PBXBuildFile; fileRef = 45AE31BC1EAB60DB00EFE62D /* UploadViewController.swift */; };
		45F119421EACFDA4007B2349 /* ResultModel.swift in Sources */ = {isa = PBXBuildFile; fileRef = 45F119411EACFDA4007B2349 /* ResultModel.swift */; };
		45F119441EAD022C007B2349 /* ResultViewController.swift in Sources */ = {isa = PBXBuildFile; fileRef = 45F119431EAD022C007B2349 /* ResultViewController.swift */; };
		D51A435E272257F5EEBA0C67 /* Pods_VivinylSwiftClient.framework in Frameworks */ = {isa = PBXBuildFile; fileRef = 6237F4861531DF28DE17B394 /* Pods_VivinylSwiftClient.framework */; };
/* End PBXBuildFile section */

/* Begin PBXContainerItemProxy section */
		45AE31AE1EAB52FA00EFE62D /* PBXContainerItemProxy */ = {
			isa = PBXContainerItemProxy;
			containerPortal = 45AE31911EAB52FA00EFE62D /* Project object */;
			proxyType = 1;
			remoteGlobalIDString = 45AE31981EAB52FA00EFE62D;
			remoteInfo = VivinylSwiftClient;
		};
/* End PBXContainerItemProxy section */

/* Begin PBXFileReference section */
		26472E0081205E6B77D33EB2 /* Pods-VivinylSwiftClient.release.xcconfig */ = {isa = PBXFileReference; includeInIndex = 1; lastKnownFileType = text.xcconfig; name = "Pods-VivinylSwiftClient.release.xcconfig"; path = "Pods/Target Support Files/Pods-VivinylSwiftClient/Pods-VivinylSwiftClient.release.xcconfig"; sourceTree = "<group>"; };
		298A63A179A7B24D0931DD97 /* Pods-VivinylSwiftClient.debug.xcconfig */ = {isa = PBXFileReference; includeInIndex = 1; lastKnownFileType = text.xcconfig; name = "Pods-VivinylSwiftClient.debug.xcconfig"; path = "Pods/Target Support Files/Pods-VivinylSwiftClient/Pods-VivinylSwiftClient.debug.xcconfig"; sourceTree = "<group>"; };
		45346A371EACCE9400CE9918 /* Networking.swift */ = {isa = PBXFileReference; fileEncoding = 4; lastKnownFileType = sourcecode.swift; path = Networking.swift; sourceTree = "<group>"; };
		45346A3D1EACDBE000CE9918 /* UploadInteractor.swift */ = {isa = PBXFileReference; fileEncoding = 4; lastKnownFileType = sourcecode.swift; path = UploadInteractor.swift; sourceTree = "<group>"; };
		45AE31991EAB52FA00EFE62D /* VivinylSwiftClient.app */ = {isa = PBXFileReference; explicitFileType = wrapper.application; includeInIndex = 0; path = VivinylSwiftClient.app; sourceTree = BUILT_PRODUCTS_DIR; };
		45AE319C1EAB52FA00EFE62D /* AppDelegate.swift */ = {isa = PBXFileReference; lastKnownFileType = sourcecode.swift; path = AppDelegate.swift; sourceTree = "<group>"; };
		45AE319E1EAB52FA00EFE62D /* MainViewController.swift */ = {isa = PBXFileReference; lastKnownFileType = sourcecode.swift; path = MainViewController.swift; sourceTree = "<group>"; };
		45AE31A11EAB52FA00EFE62D /* Base */ = {isa = PBXFileReference; lastKnownFileType = file.storyboard; name = Base; path = Base.lproj/Main.storyboard; sourceTree = "<group>"; };
		45AE31A31EAB52FA00EFE62D /* Assets.xcassets */ = {isa = PBXFileReference; lastKnownFileType = folder.assetcatalog; path = Assets.xcassets; sourceTree = "<group>"; };
		45AE31A61EAB52FA00EFE62D /* Base */ = {isa = PBXFileReference; lastKnownFileType = file.storyboard; name = Base; path = Base.lproj/LaunchScreen.storyboard; sourceTree = "<group>"; };
		45AE31A81EAB52FA00EFE62D /* Info.plist */ = {isa = PBXFileReference; lastKnownFileType = text.plist.xml; path = Info.plist; sourceTree = "<group>"; };
		45AE31AD1EAB52FA00EFE62D /* VivinylSwiftClientTests.xctest */ = {isa = PBXFileReference; explicitFileType = wrapper.cfbundle; includeInIndex = 0; path = VivinylSwiftClientTests.xctest; sourceTree = BUILT_PRODUCTS_DIR; };
		45AE31B11EAB52FA00EFE62D /* VivinylSwiftClientTests.swift */ = {isa = PBXFileReference; lastKnownFileType = sourcecode.swift; path = VivinylSwiftClientTests.swift; sourceTree = "<group>"; };
		45AE31B31EAB52FA00EFE62D /* Info.plist */ = {isa = PBXFileReference; lastKnownFileType = text.plist.xml; path = Info.plist; sourceTree = "<group>"; };
		45AE31BC1EAB60DB00EFE62D /* UploadViewController.swift */ = {isa = PBXFileReference; fileEncoding = 4; lastKnownFileType = sourcecode.swift; path = UploadViewController.swift; sourceTree = "<group>"; };
		45F119411EACFDA4007B2349 /* ResultModel.swift */ = {isa = PBXFileReference; fileEncoding = 4; lastKnownFileType = sourcecode.swift; path = ResultModel.swift; sourceTree = "<group>"; };
		45F119431EAD022C007B2349 /* ResultViewController.swift */ = {isa = PBXFileReference; fileEncoding = 4; lastKnownFileType = sourcecode.swift; path = ResultViewController.swift; sourceTree = "<group>"; };
		6237F4861531DF28DE17B394 /* Pods_VivinylSwiftClient.framework */ = {isa = PBXFileReference; explicitFileType = wrapper.framework; includeInIndex = 0; path = Pods_VivinylSwiftClient.framework; sourceTree = BUILT_PRODUCTS_DIR; };
/* End PBXFileReference section */

/* Begin PBXFrameworksBuildPhase section */
		45AE31961EAB52FA00EFE62D /* Frameworks */ = {
			isa = PBXFrameworksBuildPhase;
			buildActionMask = 2147483647;
			files = (
				D51A435E272257F5EEBA0C67 /* Pods_VivinylSwiftClient.framework in Frameworks */,
			);
			runOnlyForDeploymentPostprocessing = 0;
		};
		45AE31AA1EAB52FA00EFE62D /* Frameworks */ = {
			isa = PBXFrameworksBuildPhase;
			buildActionMask = 2147483647;
			files = (
			);
			runOnlyForDeploymentPostprocessing = 0;
		};
/* End PBXFrameworksBuildPhase section */

/* Begin PBXGroup section */
		45346A391EACDB9F00CE9918 /* ViewControllers */ = {
			isa = PBXGroup;
			children = (
				45AE319E1EAB52FA00EFE62D /* MainViewController.swift */,
				45F119431EAD022C007B2349 /* ResultViewController.swift */,
				45AE31BC1EAB60DB00EFE62D /* UploadViewController.swift */,
			);
			name = ViewControllers;
			sourceTree = "<group>";
		};
		45346A3A1EACDBAE00CE9918 /* Storyboards */ = {
			isa = PBXGroup;
			children = (
				45AE31A51EAB52FA00EFE62D /* LaunchScreen.storyboard */,
				45AE31A01EAB52FA00EFE62D /* Main.storyboard */,
			);
			name = Storyboards;
			sourceTree = "<group>";
		};
		45346A3B1EACDBBC00CE9918 /* Networking */ = {
			isa = PBXGroup;
			children = (
				45346A371EACCE9400CE9918 /* Networking.swift */,
			);
			name = Networking;
			sourceTree = "<group>";
		};
		45346A3C1EACDBD400CE9918 /* Interactors */ = {
			isa = PBXGroup;
			children = (
				45346A3D1EACDBE000CE9918 /* UploadInteractor.swift */,
			);
			name = Interactors;
			sourceTree = "<group>";
		};
		45AE31901EAB52FA00EFE62D = {
			isa = PBXGroup;
			children = (
				45AE319B1EAB52FA00EFE62D /* VivinylSwiftClient */,
				45AE31B01EAB52FA00EFE62D /* VivinylSwiftClientTests */,
				45AE319A1EAB52FA00EFE62D /* Products */,
				9D805E1EFA59A793E92FCBC6 /* Pods */,
				FC53C3092EB55700850C8327 /* Frameworks */,
			);
			sourceTree = "<group>";
		};
		45AE319A1EAB52FA00EFE62D /* Products */ = {
			isa = PBXGroup;
			children = (
				45AE31991EAB52FA00EFE62D /* VivinylSwiftClient.app */,
				45AE31AD1EAB52FA00EFE62D /* VivinylSwiftClientTests.xctest */,
			);
			name = Products;
			sourceTree = "<group>";
		};
		45AE319B1EAB52FA00EFE62D /* VivinylSwiftClient */ = {
			isa = PBXGroup;
			children = (
				45F119401EACFD96007B2349 /* Model */,
				45346A3C1EACDBD400CE9918 /* Interactors */,
				45346A3B1EACDBBC00CE9918 /* Networking */,
				45346A3A1EACDBAE00CE9918 /* Storyboards */,
				45346A391EACDB9F00CE9918 /* ViewControllers */,
				45AE319C1EAB52FA00EFE62D /* AppDelegate.swift */,
				45AE31A31EAB52FA00EFE62D /* Assets.xcassets */,
				45AE31A81EAB52FA00EFE62D /* Info.plist */,
			);
			path = VivinylSwiftClient;
			sourceTree = "<group>";
		};
		45AE31B01EAB52FA00EFE62D /* VivinylSwiftClientTests */ = {
			isa = PBXGroup;
			children = (
				45AE31B11EAB52FA00EFE62D /* VivinylSwiftClientTests.swift */,
				45AE31B31EAB52FA00EFE62D /* Info.plist */,
			);
			path = VivinylSwiftClientTests;
			sourceTree = "<group>";
		};
		45F119401EACFD96007B2349 /* Model */ = {
			isa = PBXGroup;
			children = (
				45F119411EACFDA4007B2349 /* ResultModel.swift */,
			);
			name = Model;
			sourceTree = "<group>";
		};
		9D805E1EFA59A793E92FCBC6 /* Pods */ = {
			isa = PBXGroup;
			children = (
				298A63A179A7B24D0931DD97 /* Pods-VivinylSwiftClient.debug.xcconfig */,
				26472E0081205E6B77D33EB2 /* Pods-VivinylSwiftClient.release.xcconfig */,
			);
			name = Pods;
			sourceTree = "<group>";
		};
		FC53C3092EB55700850C8327 /* Frameworks */ = {
			isa = PBXGroup;
			children = (
				6237F4861531DF28DE17B394 /* Pods_VivinylSwiftClient.framework */,
			);
			name = Frameworks;
			sourceTree = "<group>";
		};
/* End PBXGroup section */

/* Begin PBXNativeTarget section */
		45AE31981EAB52FA00EFE62D /* VivinylSwiftClient */ = {
			isa = PBXNativeTarget;
			buildConfigurationList = 45AE31B61EAB52FA00EFE62D /* Build configuration list for PBXNativeTarget "VivinylSwiftClient" */;
			buildPhases = (
				7B942276AB0A7318E97F0B90 /* [CP] Check Pods Manifest.lock */,
				45AE31951EAB52FA00EFE62D /* Sources */,
				45AE31961EAB52FA00EFE62D /* Frameworks */,
				45AE31971EAB52FA00EFE62D /* Resources */,
				5E6ED22C87468BCCB9295DC7 /* [CP] Embed Pods Frameworks */,
				9EE1600E060B3514A5F5BB45 /* [CP] Copy Pods Resources */,
			);
			buildRules = (
			);
			dependencies = (
			);
			name = VivinylSwiftClient;
			productName = VivinylSwiftClient;
			productReference = 45AE31991EAB52FA00EFE62D /* VivinylSwiftClient.app */;
			productType = "com.apple.product-type.application";
		};
		45AE31AC1EAB52FA00EFE62D /* VivinylSwiftClientTests */ = {
			isa = PBXNativeTarget;
			buildConfigurationList = 45AE31B91EAB52FA00EFE62D /* Build configuration list for PBXNativeTarget "VivinylSwiftClientTests" */;
			buildPhases = (
				45AE31A91EAB52FA00EFE62D /* Sources */,
				45AE31AA1EAB52FA00EFE62D /* Frameworks */,
				45AE31AB1EAB52FA00EFE62D /* Resources */,
			);
			buildRules = (
			);
			dependencies = (
				45AE31AF1EAB52FA00EFE62D /* PBXTargetDependency */,
			);
			name = VivinylSwiftClientTests;
			productName = VivinylSwiftClientTests;
			productReference = 45AE31AD1EAB52FA00EFE62D /* VivinylSwiftClientTests.xctest */;
			productType = "com.apple.product-type.bundle.unit-test";
		};
/* End PBXNativeTarget section */

/* Begin PBXProject section */
		45AE31911EAB52FA00EFE62D /* Project object */ = {
			isa = PBXProject;
			attributes = {
				LastSwiftUpdateCheck = 0820;
				LastUpgradeCheck = 0820;
				ORGANIZATIONNAME = "Janek Krukowski";
				TargetAttributes = {
					45AE31981EAB52FA00EFE62D = {
						CreatedOnToolsVersion = 8.2.1;
						DevelopmentTeam = U79276E585;
						ProvisioningStyle = Automatic;
					};
					45AE31AC1EAB52FA00EFE62D = {
						CreatedOnToolsVersion = 8.2.1;
						ProvisioningStyle = Automatic;
						TestTargetID = 45AE31981EAB52FA00EFE62D;
					};
				};
			};
			buildConfigurationList = 45AE31941EAB52FA00EFE62D /* Build configuration list for PBXProject "VivinylSwiftClient" */;
			compatibilityVersion = "Xcode 3.2";
			developmentRegion = English;
			hasScannedForEncodings = 0;
			knownRegions = (
				en,
				Base,
			);
			mainGroup = 45AE31901EAB52FA00EFE62D;
			productRefGroup = 45AE319A1EAB52FA00EFE62D /* Products */;
			projectDirPath = "";
			projectRoot = "";
			targets = (
				45AE31981EAB52FA00EFE62D /* VivinylSwiftClient */,
				45AE31AC1EAB52FA00EFE62D /* VivinylSwiftClientTests */,
			);
		};
/* End PBXProject section */

/* Begin PBXResourcesBuildPhase section */
		45AE31971EAB52FA00EFE62D /* Resources */ = {
			isa = PBXResourcesBuildPhase;
			buildActionMask = 2147483647;
			files = (
				45AE31A71EAB52FA00EFE62D /* LaunchScreen.storyboard in Resources */,
				45AE31A41EAB52FA00EFE62D /* Assets.xcassets in Resources */,
				45AE31A21EAB52FA00EFE62D /* Main.storyboard in Resources */,
			);
			runOnlyForDeploymentPostprocessing = 0;
		};
		45AE31AB1EAB52FA00EFE62D /* Resources */ = {
			isa = PBXResourcesBuildPhase;
			buildActionMask = 2147483647;
			files = (
			);
			runOnlyForDeploymentPostprocessing = 0;
		};
/* End PBXResourcesBuildPhase section */

/* Begin PBXShellScriptBuildPhase section */
		5E6ED22C87468BCCB9295DC7 /* [CP] Embed Pods Frameworks */ = {
			isa = PBXShellScriptBuildPhase;
			buildActionMask = 2147483647;
			files = (
			);
			inputPaths = (
			);
			name = "[CP] Embed Pods Frameworks";
			outputPaths = (
			);
			runOnlyForDeploymentPostprocessing = 0;
			shellPath = /bin/sh;
			shellScript = "\"${SRCROOT}/Pods/Target Support Files/Pods-VivinylSwiftClient/Pods-VivinylSwiftClient-frameworks.sh\"\n";
			showEnvVarsInLog = 0;
		};
		7B942276AB0A7318E97F0B90 /* [CP] Check Pods Manifest.lock */ = {
			isa = PBXShellScriptBuildPhase;
			buildActionMask = 2147483647;
			files = (
			);
			inputPaths = (
			);
			name = "[CP] Check Pods Manifest.lock";
			outputPaths = (
			);
			runOnlyForDeploymentPostprocessing = 0;
			shellPath = /bin/sh;
			shellScript = "diff \"${PODS_PODFILE_DIR_PATH}/Podfile.lock\" \"${PODS_ROOT}/Manifest.lock\" > /dev/null\nif [ $? != 0 ] ; then\n    # print error to STDERR\n    echo \"error: The sandbox is not in sync with the Podfile.lock. Run 'pod install' or update your CocoaPods installation.\" >&2\n    exit 1\nfi\n";
			showEnvVarsInLog = 0;
		};
		9EE1600E060B3514A5F5BB45 /* [CP] Copy Pods Resources */ = {
			isa = PBXShellScriptBuildPhase;
			buildActionMask = 2147483647;
			files = (
			);
			inputPaths = (
			);
			name = "[CP] Copy Pods Resources";
			outputPaths = (
			);
			runOnlyForDeploymentPostprocessing = 0;
			shellPath = /bin/sh;
			shellScript = "\"${SRCROOT}/Pods/Target Support Files/Pods-VivinylSwiftClient/Pods-VivinylSwiftClient-resources.sh\"\n";
			showEnvVarsInLog = 0;
		};
/* End PBXShellScriptBuildPhase section */

/* Begin PBXSourcesBuildPhase section */
		45AE31951EAB52FA00EFE62D /* Sources */ = {
			isa = PBXSourcesBuildPhase;
			buildActionMask = 2147483647;
			files = (
				45AE31BD1EAB60DB00EFE62D /* UploadViewController.swift in Sources */,
				45AE319F1EAB52FA00EFE62D /* MainViewController.swift in Sources */,
				45F119441EAD022C007B2349 /* ResultViewController.swift in Sources */,
				45F119421EACFDA4007B2349 /* ResultModel.swift in Sources */,
				45AE319D1EAB52FA00EFE62D /* AppDelegate.swift in Sources */,
				45346A381EACCE9400CE9918 /* Networking.swift in Sources */,
				45346A3E1EACDBE000CE9918 /* UploadInteractor.swift in Sources */,
			);
			runOnlyForDeploymentPostprocessing = 0;
		};
		45AE31A91EAB52FA00EFE62D /* Sources */ = {
			isa = PBXSourcesBuildPhase;
			buildActionMask = 2147483647;
			files = (
				45AE31B21EAB52FA00EFE62D /* VivinylSwiftClientTests.swift in Sources */,
			);
			runOnlyForDeploymentPostprocessing = 0;
		};
/* End PBXSourcesBuildPhase section */

/* Begin PBXTargetDependency section */
		45AE31AF1EAB52FA00EFE62D /* PBXTargetDependency */ = {
			isa = PBXTargetDependency;
			target = 45AE31981EAB52FA00EFE62D /* VivinylSwiftClient */;
			targetProxy = 45AE31AE1EAB52FA00EFE62D /* PBXContainerItemProxy */;
		};
/* End PBXTargetDependency section */

/* Begin PBXVariantGroup section */
		45AE31A01EAB52FA00EFE62D /* Main.storyboard */ = {
			isa = PBXVariantGroup;
			children = (
				45AE31A11EAB52FA00EFE62D /* Base */,
			);
			name = Main.storyboard;
			sourceTree = "<group>";
		};
		45AE31A51EAB52FA00EFE62D /* LaunchScreen.storyboard */ = {
			isa = PBXVariantGroup;
			children = (
				45AE31A61EAB52FA00EFE62D /* Base */,
			);
			name = LaunchScreen.storyboard;
			sourceTree = "<group>";
		};
/* End PBXVariantGroup section */

/* Begin XCBuildConfiguration section */
		45AE31B41EAB52FA00EFE62D /* Debug */ = {
			isa = XCBuildConfiguration;
			buildSettings = {
				ALWAYS_SEARCH_USER_PATHS = NO;
				CLANG_ANALYZER_NONNULL = YES;
				CLANG_CXX_LANGUAGE_STANDARD = "gnu++0x";
				CLANG_CXX_LIBRARY = "libc++";
				CLANG_ENABLE_MODULES = YES;
				CLANG_ENABLE_OBJC_ARC = YES;
				CLANG_WARN_BOOL_CONVERSION = YES;
				CLANG_WARN_CONSTANT_CONVERSION = YES;
				CLANG_WARN_DIRECT_OBJC_ISA_USAGE = YES_ERROR;
				CLANG_WARN_DOCUMENTATION_COMMENTS = YES;
				CLANG_WARN_EMPTY_BODY = YES;
				CLANG_WARN_ENUM_CONVERSION = YES;
				CLANG_WARN_INFINITE_RECURSION = YES;
				CLANG_WARN_INT_CONVERSION = YES;
				CLANG_WARN_OBJC_ROOT_CLASS = YES_ERROR;
				CLANG_WARN_SUSPICIOUS_MOVE = YES;
				CLANG_WARN_UNREACHABLE_CODE = YES;
				CLANG_WARN__DUPLICATE_METHOD_MATCH = YES;
				"CODE_SIGN_IDENTITY[sdk=iphoneos*]" = "iPhone Developer";
				COPY_PHASE_STRIP = NO;
				DEBUG_INFORMATION_FORMAT = dwarf;
				ENABLE_STRICT_OBJC_MSGSEND = YES;
				ENABLE_TESTABILITY = YES;
				GCC_C_LANGUAGE_STANDARD = gnu99;
				GCC_DYNAMIC_NO_PIC = NO;
				GCC_NO_COMMON_BLOCKS = YES;
				GCC_OPTIMIZATION_LEVEL = 0;
				GCC_PREPROCESSOR_DEFINITIONS = (
					"DEBUG=1",
					"$(inherited)",
				);
				GCC_WARN_64_TO_32_BIT_CONVERSION = YES;
				GCC_WARN_ABOUT_RETURN_TYPE = YES_ERROR;
				GCC_WARN_UNDECLARED_SELECTOR = YES;
				GCC_WARN_UNINITIALIZED_AUTOS = YES_AGGRESSIVE;
				GCC_WARN_UNUSED_FUNCTION = YES;
				GCC_WARN_UNUSED_VARIABLE = YES;
				IPHONEOS_DEPLOYMENT_TARGET = 10.2;
				MTL_ENABLE_DEBUG_INFO = YES;
				ONLY_ACTIVE_ARCH = YES;
				SDKROOT = iphoneos;
				SWIFT_ACTIVE_COMPILATION_CONDITIONS = DEBUG;
				SWIFT_OPTIMIZATION_LEVEL = "-Onone";
				TARGETED_DEVICE_FAMILY = "1,2";
			};
			name = Debug;
		};
		45AE31B51EAB52FA00EFE62D /* Release */ = {
			isa = XCBuildConfiguration;
			buildSettings = {
				ALWAYS_SEARCH_USER_PATHS = NO;
				CLANG_ANALYZER_NONNULL = YES;
				CLANG_CXX_LANGUAGE_STANDARD = "gnu++0x";
				CLANG_CXX_LIBRARY = "libc++";
				CLANG_ENABLE_MODULES = YES;
				CLANG_ENABLE_OBJC_ARC = YES;
				CLANG_WARN_BOOL_CONVERSION = YES;
				CLANG_WARN_CONSTANT_CONVERSION = YES;
				CLANG_WARN_DIRECT_OBJC_ISA_USAGE = YES_ERROR;
				CLANG_WARN_DOCUMENTATION_COMMENTS = YES;
				CLANG_WARN_EMPTY_BODY = YES;
				CLANG_WARN_ENUM_CONVERSION = YES;
				CLANG_WARN_INFINITE_RECURSION = YES;
				CLANG_WARN_INT_CONVERSION = YES;
				CLANG_WARN_OBJC_ROOT_CLASS = YES_ERROR;
				CLANG_WARN_SUSPICIOUS_MOVE = YES;
				CLANG_WARN_UNREACHABLE_CODE = YES;
				CLANG_WARN__DUPLICATE_METHOD_MATCH = YES;
				"CODE_SIGN_IDENTITY[sdk=iphoneos*]" = "iPhone Developer";
				COPY_PHASE_STRIP = NO;
				DEBUG_INFORMATION_FORMAT = "dwarf-with-dsym";
				ENABLE_NS_ASSERTIONS = NO;
				ENABLE_STRICT_OBJC_MSGSEND = YES;
				GCC_C_LANGUAGE_STANDARD = gnu99;
				GCC_NO_COMMON_BLOCKS = YES;
				GCC_WARN_64_TO_32_BIT_CONVERSION = YES;
				GCC_WARN_ABOUT_RETURN_TYPE = YES_ERROR;
				GCC_WARN_UNDECLARED_SELECTOR = YES;
				GCC_WARN_UNINITIALIZED_AUTOS = YES_AGGRESSIVE;
				GCC_WARN_UNUSED_FUNCTION = YES;
				GCC_WARN_UNUSED_VARIABLE = YES;
				IPHONEOS_DEPLOYMENT_TARGET = 10.2;
				MTL_ENABLE_DEBUG_INFO = NO;
				SDKROOT = iphoneos;
				SWIFT_OPTIMIZATION_LEVEL = "-Owholemodule";
				TARGETED_DEVICE_FAMILY = "1,2";
				VALIDATE_PRODUCT = YES;
			};
			name = Release;
		};
		45AE31B71EAB52FA00EFE62D /* Debug */ = {
			isa = XCBuildConfiguration;
			baseConfigurationReference = 298A63A179A7B24D0931DD97 /* Pods-VivinylSwiftClient.debug.xcconfig */;
			buildSettings = {
				ASSETCATALOG_COMPILER_APPICON_NAME = AppIcon;
				DEVELOPMENT_TEAM = U79276E585;
				INFOPLIST_FILE = VivinylSwiftClient/Info.plist;
				LD_RUNPATH_SEARCH_PATHS = "$(inherited) @executable_path/Frameworks";
				PRODUCT_BUNDLE_IDENTIFIER = com.janekkrukowski.VivinylSwiftClient;
				PRODUCT_NAME = "$(TARGET_NAME)";
				SWIFT_VERSION = 3.0;
			};
			name = Debug;
		};
		45AE31B81EAB52FA00EFE62D /* Release */ = {
			isa = XCBuildConfiguration;
			baseConfigurationReference = 26472E0081205E6B77D33EB2 /* Pods-VivinylSwiftClient.release.xcconfig */;
			buildSettings = {
				ASSETCATALOG_COMPILER_APPICON_NAME = AppIcon;
				DEVELOPMENT_TEAM = U79276E585;
				INFOPLIST_FILE = VivinylSwiftClient/Info.plist;
				LD_RUNPATH_SEARCH_PATHS = "$(inherited) @executable_path/Frameworks";
				PRODUCT_BUNDLE_IDENTIFIER = com.janekkrukowski.VivinylSwiftClient;
				PRODUCT_NAME = "$(TARGET_NAME)";
				SWIFT_VERSION = 3.0;
			};
			name = Release;
		};
		45AE31BA1EAB52FA00EFE62D /* Debug */ = {
			isa = XCBuildConfiguration;
			buildSettings = {
				ALWAYS_EMBED_SWIFT_STANDARD_LIBRARIES = YES;
				BUNDLE_LOADER = "$(TEST_HOST)";
				INFOPLIST_FILE = VivinylSwiftClientTests/Info.plist;
				LD_RUNPATH_SEARCH_PATHS = "$(inherited) @executable_path/Frameworks @loader_path/Frameworks";
				PRODUCT_BUNDLE_IDENTIFIER = com.janekkrukowski.VivinylSwiftClientTests;
				PRODUCT_NAME = "$(TARGET_NAME)";
				SWIFT_VERSION = 3.0;
				TEST_HOST = "$(BUILT_PRODUCTS_DIR)/VivinylSwiftClient.app/VivinylSwiftClient";
			};
			name = Debug;
		};
		45AE31BB1EAB52FA00EFE62D /* Release */ = {
			isa = XCBuildConfiguration;
			buildSettings = {
				ALWAYS_EMBED_SWIFT_STANDARD_LIBRARIES = YES;
				BUNDLE_LOADER = "$(TEST_HOST)";
				INFOPLIST_FILE = VivinylSwiftClientTests/Info.plist;
				LD_RUNPATH_SEARCH_PATHS = "$(inherited) @executable_path/Frameworks @loader_path/Frameworks";
				PRODUCT_BUNDLE_IDENTIFIER = com.janekkrukowski.VivinylSwiftClientTests;
				PRODUCT_NAME = "$(TARGET_NAME)";
				SWIFT_VERSION = 3.0;
				TEST_HOST = "$(BUILT_PRODUCTS_DIR)/VivinylSwiftClient.app/VivinylSwiftClient";
			};
			name = Release;
		};
/* End XCBuildConfiguration section */

/* Begin XCConfigurationList section */
		45AE31941EAB52FA00EFE62D /* Build configuration list for PBXProject "VivinylSwiftClient" */ = {
			isa = XCConfigurationList;
			buildConfigurations = (
				45AE31B41EAB52FA00EFE62D /* Debug */,
				45AE31B51EAB52FA00EFE62D /* Release */,
			);
			defaultConfigurationIsVisible = 0;
			defaultConfigurationName = Release;
		};
		45AE31B61EAB52FA00EFE62D /* Build configuration list for PBXNativeTarget "VivinylSwiftClient" */ = {
			isa = XCConfigurationList;
			buildConfigurations = (
				45AE31B71EAB52FA00EFE62D /* Debug */,
				45AE31B81EAB52FA00EFE62D /* Release */,
			);
			defaultConfigurationIsVisible = 0;
			defaultConfigurationName = Release;
		};
		45AE31B91EAB52FA00EFE62D /* Build configuration list for PBXNativeTarget "VivinylSwiftClientTests" */ = {
			isa = XCConfigurationList;
			buildConfigurations = (
				45AE31BA1EAB52FA00EFE62D /* Debug */,
				45AE31BB1EAB52FA00EFE62D /* Release */,
			);
			defaultConfigurationIsVisible = 0;
			defaultConfigurationName = Release;
		};
/* End XCConfigurationList section */
	};
	rootObject = 45AE31911EAB52FA00EFE62D /* Project object */;
}
